// !$*UTF8*$!
{
	archiveVersion = 1;
	classes = {
	};
	objectVersion = 77;
	objects = {

/* Begin PBXBuildFile section */
		3A130A9C2D9D7A5D00978BF8 /* infoView.swift in Sources */ = {isa = PBXBuildFile; fileRef = 3A130A9B2D9D7A5300978BF8 /* infoView.swift */; };
		3A130A9E2D9D9AFD00978BF8 /* TasksView.swift in Sources */ = {isa = PBXBuildFile; fileRef = 3A130A9D2D9D9AF800978BF8 /* TasksView.swift */; };
		3A1DEFA72DB431120009193A /* helpFAQView.swift in Sources */ = {isa = PBXBuildFile; fileRef = 3A1DEFA62DB4310D0009193A /* helpFAQView.swift */; };
		3A1DEFAB2DB536C50009193A /* AppReviewRequest.swift in Sources */ = {isa = PBXBuildFile; fileRef = 3A1DEFAA2DB536B20009193A /* AppReviewRequest.swift */; };
		3A1DEFF52DB565580009193A /* SchemePickerView.swift in Sources */ = {isa = PBXBuildFile; fileRef = 3A1DEFF42DB565530009193A /* SchemePickerView.swift */; };
		3A1DEFF72DB5A21A0009193A /* IntroScreen.swift in Sources */ = {isa = PBXBuildFile; fileRef = 3A1DEFF62DB5A2150009193A /* IntroScreen.swift */; };
		3A6F35502DA47DA000D09368 /* settingsView.swift in Sources */ = {isa = PBXBuildFile; fileRef = 3A6F354F2DA47D9100D09368 /* settingsView.swift */; };
		3A6F359E2DA9589C00D09368 /* alternativeAppIcons.swift in Sources */ = {isa = PBXBuildFile; fileRef = 3A6F359D2DA9589000D09368 /* alternativeAppIcons.swift */; };
		3A6F35A02DA958F100D09368 /* feedbackView.swift in Sources */ = {isa = PBXBuildFile; fileRef = 3A6F359F2DA958ED00D09368 /* feedbackView.swift */; };
		3A6F35A22DA9593600D09368 /* UIDevice.swift in Sources */ = {isa = PBXBuildFile; fileRef = 3A6F35A12DA9593600D09368 /* UIDevice.swift */; };
		3A6F35A42DA9597A00D09368 /* CGSize+Extensions.swift in Sources */ = {isa = PBXBuildFile; fileRef = 3A6F35A32DA9597A00D09368 /* CGSize+Extensions.swift */; };
		3A6F35A62DA9828100D09368 /* aboutView.swift in Sources */ = {isa = PBXBuildFile; fileRef = 3A6F35A52DA9827000D09368 /* aboutView.swift */; };
		3AA7D2B32DAAF35A009E0F1D /* apiKeys.swift in Sources */ = {isa = PBXBuildFile; fileRef = 3AA7D2B22DAAF355009E0F1D /* apiKeys.swift */; };
		3AA7D2B62DAAF3CF009E0F1D /* RevenueCat in Frameworks */ = {isa = PBXBuildFile; productRef = 3AA7D2B52DAAF3CF009E0F1D /* RevenueCat */; };
		3AA7D2B82DAAF3CF009E0F1D /* RevenueCatUI in Frameworks */ = {isa = PBXBuildFile; productRef = 3AA7D2B72DAAF3CF009E0F1D /* RevenueCatUI */; };
		3AA7D2BA2DAAF445009E0F1D /* appSubscriptionModel.swift in Sources */ = {isa = PBXBuildFile; fileRef = 3AA7D2B92DAAF441009E0F1D /* appSubscriptionModel.swift */; };
		3AA7D2BC2DAAF474009E0F1D /* PricingView.swift in Sources */ = {isa = PBXBuildFile; fileRef = 3AA7D2BB2DAAF470009E0F1D /* PricingView.swift */; };
		3AA7D2BE2DAAF4D2009E0F1D /* SubscriptionButton.swift in Sources */ = {isa = PBXBuildFile; fileRef = 3AA7D2BD2DAAF4CE009E0F1D /* SubscriptionButton.swift */; };
		3AA7D2C02DAAF4FC009E0F1D /* SubscriptionView.swift in Sources */ = {isa = PBXBuildFile; fileRef = 3AA7D2BF2DAAF4F8009E0F1D /* SubscriptionView.swift */; };
		3AA93EEF2D92036200BDD73D /* TabModel.swift in Sources */ = {isa = PBXBuildFile; fileRef = 3AA93EEE2D92036100BDD73D /* TabModel.swift */; };
		3AA93EF62D98652F00BDD73D /* TextFieldClearButton.swift in Sources */ = {isa = PBXBuildFile; fileRef = 3AA93EF52D98652B00BDD73D /* TextFieldClearButton.swift */; };
		3AA93EF82D99EA3800BDD73D /* TaskData.swift in Sources */ = {isa = PBXBuildFile; fileRef = 3AA93EF72D99EA3400BDD73D /* TaskData.swift */; };
		3AA93EFB2D99ED1A00BDD73D /* View+Extenstions.swift in Sources */ = {isa = PBXBuildFile; fileRef = 3AA93EFA2D99ED0500BDD73D /* View+Extenstions.swift */; };
		3AA93EFD2D99EDAF00BDD73D /* Date+Extentsions.swift in Sources */ = {isa = PBXBuildFile; fileRef = 3AA93EFC2D99EDA100BDD73D /* Date+Extentsions.swift */; };
		3AA93EFF2D99EF2F00BDD73D /* HomeView.swift in Sources */ = {isa = PBXBuildFile; fileRef = 3AA93EFE2D99EF2B00BDD73D /* HomeView.swift */; };
		3AA93F012D9A648000BDD73D /* offsetKey.swift in Sources */ = {isa = PBXBuildFile; fileRef = 3AA93F002D9A647500BDD73D /* offsetKey.swift */; };
		3AA93F032D9A6BBE00BDD73D /* TaskRowView.swift in Sources */ = {isa = PBXBuildFile; fileRef = 3AA93F022D9A6BB100BDD73D /* TaskRowView.swift */; };
		3AA93F052D9B3DB500BDD73D /* NewTaskView.swift in Sources */ = {isa = PBXBuildFile; fileRef = 3AA93F042D9B3DB400BDD73D /* NewTaskView.swift */; };
		3AAF191D2DB0138300142D5D /* calendarImportView.swift in Sources */ = {isa = PBXBuildFile; fileRef = 3AAF191C2DB0137E00142D5D /* calendarImportView.swift */; };
		3AED6AD02D7CFD0C00140414 /* Preview Assets.xcassets in Resources */ = {isa = PBXBuildFile; fileRef = 3AED6AC32D7CFD0C00140414 /* Preview Assets.xcassets */; };
		3AED6AD12D7CFD0C00140414 /* Assets.xcassets in Resources */ = {isa = PBXBuildFile; fileRef = 3AED6AC72D7CFD0C00140414 /* Assets.xcassets */; };
		3AED6AD42D7CFD0C00140414 /* ContentView.swift in Sources */ = {isa = PBXBuildFile; fileRef = 3AED6AC82D7CFD0C00140414 /* ContentView.swift */; };
		3AED6AD72D7CFD0C00140414 /* TaskSyncApp.swift in Sources */ = {isa = PBXBuildFile; fileRef = 3AED6ACD2D7CFD0C00140414 /* TaskSyncApp.swift */; };
/* End PBXBuildFile section */

/* Begin PBXFileReference section */
		3A130A9B2D9D7A5300978BF8 /* infoView.swift */ = {isa = PBXFileReference; lastKnownFileType = sourcecode.swift; path = infoView.swift; sourceTree = "<group>"; };
		3A130A9D2D9D9AF800978BF8 /* TasksView.swift */ = {isa = PBXFileReference; lastKnownFileType = sourcecode.swift; path = TasksView.swift; sourceTree = "<group>"; };
		3A1DEFA62DB4310D0009193A /* helpFAQView.swift */ = {isa = PBXFileReference; lastKnownFileType = sourcecode.swift; path = helpFAQView.swift; sourceTree = "<group>"; };
		3A1DEFAA2DB536B20009193A /* AppReviewRequest.swift */ = {isa = PBXFileReference; lastKnownFileType = sourcecode.swift; path = AppReviewRequest.swift; sourceTree = "<group>"; };
		3A1DEFF42DB565530009193A /* SchemePickerView.swift */ = {isa = PBXFileReference; lastKnownFileType = sourcecode.swift; path = SchemePickerView.swift; sourceTree = "<group>"; };
		3A1DEFF62DB5A2150009193A /* IntroScreen.swift */ = {isa = PBXFileReference; lastKnownFileType = sourcecode.swift; path = IntroScreen.swift; sourceTree = "<group>"; };
		3A6F354F2DA47D9100D09368 /* settingsView.swift */ = {isa = PBXFileReference; lastKnownFileType = sourcecode.swift; path = settingsView.swift; sourceTree = "<group>"; };
		3A6F359D2DA9589000D09368 /* alternativeAppIcons.swift */ = {isa = PBXFileReference; lastKnownFileType = sourcecode.swift; path = alternativeAppIcons.swift; sourceTree = "<group>"; };
		3A6F359F2DA958ED00D09368 /* feedbackView.swift */ = {isa = PBXFileReference; lastKnownFileType = sourcecode.swift; path = feedbackView.swift; sourceTree = "<group>"; };
		3A6F35A12DA9593600D09368 /* UIDevice.swift */ = {isa = PBXFileReference; lastKnownFileType = sourcecode.swift; path = UIDevice.swift; sourceTree = "<group>"; };
		3A6F35A32DA9597A00D09368 /* CGSize+Extensions.swift */ = {isa = PBXFileReference; lastKnownFileType = sourcecode.swift; path = "CGSize+Extensions.swift"; sourceTree = "<group>"; };
		3A6F35A52DA9827000D09368 /* aboutView.swift */ = {isa = PBXFileReference; lastKnownFileType = sourcecode.swift; path = aboutView.swift; sourceTree = "<group>"; };
		3AA041B02CD7E73D006B734E /* TaskSync.app */ = {isa = PBXFileReference; explicitFileType = wrapper.application; includeInIndex = 0; path = TaskSync.app; sourceTree = BUILT_PRODUCTS_DIR; };
		3AA7D2B22DAAF355009E0F1D /* apiKeys.swift */ = {isa = PBXFileReference; lastKnownFileType = sourcecode.swift; path = apiKeys.swift; sourceTree = "<group>"; };
		3AA7D2B92DAAF441009E0F1D /* appSubscriptionModel.swift */ = {isa = PBXFileReference; lastKnownFileType = sourcecode.swift; path = appSubscriptionModel.swift; sourceTree = "<group>"; };
		3AA7D2BB2DAAF470009E0F1D /* PricingView.swift */ = {isa = PBXFileReference; lastKnownFileType = sourcecode.swift; path = PricingView.swift; sourceTree = "<group>"; };
		3AA7D2BD2DAAF4CE009E0F1D /* SubscriptionButton.swift */ = {isa = PBXFileReference; lastKnownFileType = sourcecode.swift; path = SubscriptionButton.swift; sourceTree = "<group>"; };
		3AA7D2BF2DAAF4F8009E0F1D /* SubscriptionView.swift */ = {isa = PBXFileReference; lastKnownFileType = sourcecode.swift; path = SubscriptionView.swift; sourceTree = "<group>"; };
		3AA93EEE2D92036100BDD73D /* TabModel.swift */ = {isa = PBXFileReference; lastKnownFileType = sourcecode.swift; path = TabModel.swift; sourceTree = "<group>"; };
		3AA93EF52D98652B00BDD73D /* TextFieldClearButton.swift */ = {isa = PBXFileReference; lastKnownFileType = sourcecode.swift; path = TextFieldClearButton.swift; sourceTree = "<group>"; };
		3AA93EF72D99EA3400BDD73D /* TaskData.swift */ = {isa = PBXFileReference; lastKnownFileType = sourcecode.swift; path = TaskData.swift; sourceTree = "<group>"; };
		3AA93EFA2D99ED0500BDD73D /* View+Extenstions.swift */ = {isa = PBXFileReference; lastKnownFileType = sourcecode.swift; path = "View+Extenstions.swift"; sourceTree = "<group>"; };
		3AA93EFC2D99EDA100BDD73D /* Date+Extentsions.swift */ = {isa = PBXFileReference; lastKnownFileType = sourcecode.swift; path = "Date+Extentsions.swift"; sourceTree = "<group>"; };
		3AA93EFE2D99EF2B00BDD73D /* HomeView.swift */ = {isa = PBXFileReference; lastKnownFileType = sourcecode.swift; path = HomeView.swift; sourceTree = "<group>"; };
		3AA93F002D9A647500BDD73D /* offsetKey.swift */ = {isa = PBXFileReference; lastKnownFileType = sourcecode.swift; path = offsetKey.swift; sourceTree = "<group>"; };
		3AA93F022D9A6BB100BDD73D /* TaskRowView.swift */ = {isa = PBXFileReference; lastKnownFileType = sourcecode.swift; path = TaskRowView.swift; sourceTree = "<group>"; };
		3AA93F042D9B3DB400BDD73D /* NewTaskView.swift */ = {isa = PBXFileReference; lastKnownFileType = sourcecode.swift; path = NewTaskView.swift; sourceTree = "<group>"; };
		3AAF191C2DB0137E00142D5D /* calendarImportView.swift */ = {isa = PBXFileReference; lastKnownFileType = sourcecode.swift; path = calendarImportView.swift; sourceTree = "<group>"; };
		3AED6AC32D7CFD0C00140414 /* Preview Assets.xcassets */ = {isa = PBXFileReference; lastKnownFileType = folder.assetcatalog; path = "Preview Assets.xcassets"; sourceTree = "<group>"; };
		3AED6AC72D7CFD0C00140414 /* Assets.xcassets */ = {isa = PBXFileReference; lastKnownFileType = folder.assetcatalog; path = Assets.xcassets; sourceTree = "<group>"; };
		3AED6AC82D7CFD0C00140414 /* ContentView.swift */ = {isa = PBXFileReference; lastKnownFileType = sourcecode.swift; path = ContentView.swift; sourceTree = "<group>"; };
		3AED6AC92D7CFD0C00140414 /* Info.plist */ = {isa = PBXFileReference; lastKnownFileType = text.plist.xml; path = Info.plist; sourceTree = "<group>"; };
		3AED6ACB2D7CFD0C00140414 /* TaskSync.entitlements */ = {isa = PBXFileReference; lastKnownFileType = text.plist.entitlements; path = TaskSync.entitlements; sourceTree = "<group>"; };
		3AED6ACD2D7CFD0C00140414 /* TaskSyncApp.swift */ = {isa = PBXFileReference; lastKnownFileType = sourcecode.swift; path = TaskSyncApp.swift; sourceTree = "<group>"; };
/* End PBXFileReference section */

/* Begin PBXFrameworksBuildPhase section */
		3AA041AD2CD7E73C006B734E /* Frameworks */ = {
			isa = PBXFrameworksBuildPhase;
			buildActionMask = 2147483647;
			files = (
				3AA7D2B82DAAF3CF009E0F1D /* RevenueCatUI in Frameworks */,
				3AA7D2B62DAAF3CF009E0F1D /* RevenueCat in Frameworks */,
			);
			runOnlyForDeploymentPostprocessing = 0;
		};
/* End PBXFrameworksBuildPhase section */

/* Begin PBXGroup section */
		3A6F359B2DA957D800D09368 /* Subviews */ = {
			isa = PBXGroup;
			children = (
				3A1DEFA62DB4310D0009193A /* helpFAQView.swift */,
				3AAF191C2DB0137E00142D5D /* calendarImportView.swift */,
				3A6F35A52DA9827000D09368 /* aboutView.swift */,
				3A6F359F2DA958ED00D09368 /* feedbackView.swift */,
				3A6F359D2DA9589000D09368 /* alternativeAppIcons.swift */,
			);
			path = Subviews;
			sourceTree = "<group>";
		};
		3AA041A72CD7E73C006B734E = {
			isa = PBXGroup;
			children = (
				3AED6ACE2D7CFD0C00140414 /* TaskSync */,
				3AA041B12CD7E73D006B734E /* Products */,
			);
			sourceTree = "<group>";
		};
		3AA041B12CD7E73D006B734E /* Products */ = {
			isa = PBXGroup;
			children = (
				3AA041B02CD7E73D006B734E /* TaskSync.app */,
			);
			name = Products;
			sourceTree = "<group>";
		};
		3AA7D2B12DAAF332009E0F1D /* Subscripion Service */ = {
			isa = PBXGroup;
			children = (
				3AA7D2BF2DAAF4F8009E0F1D /* SubscriptionView.swift */,
				3AA7D2BD2DAAF4CE009E0F1D /* SubscriptionButton.swift */,
				3AA7D2BB2DAAF470009E0F1D /* PricingView.swift */,
				3AA7D2B92DAAF441009E0F1D /* appSubscriptionModel.swift */,
				3AA7D2B22DAAF355009E0F1D /* apiKeys.swift */,
			);
			path = "Subscripion Service";
			sourceTree = "<group>";
		};
		3AA93EED2D92035600BDD73D /* Model */ = {
			isa = PBXGroup;
			children = (
				3AA93EF72D99EA3400BDD73D /* TaskData.swift */,
				3AA93EEE2D92036100BDD73D /* TabModel.swift */,
			);
			path = Model;
			sourceTree = "<group>";
		};
		3AA93EF42D98651100BDD73D /* Components */ = {
			isa = PBXGroup;
			children = (
				3AA93EF52D98652B00BDD73D /* TextFieldClearButton.swift */,
			);
			path = Components;
			sourceTree = "<group>";
		};
		3AA93EF92D99ECFC00BDD73D /* Helper */ = {
			isa = PBXGroup;
			children = (
				3A1DEFF42DB565530009193A /* SchemePickerView.swift */,
				3A1DEFAA2DB536B20009193A /* AppReviewRequest.swift */,
				3AA93F002D9A647500BDD73D /* offsetKey.swift */,
				3AA93EFA2D99ED0500BDD73D /* View+Extenstions.swift */,
				3AA93EFC2D99EDA100BDD73D /* Date+Extentsions.swift */,
				3A6F35A12DA9593600D09368 /* UIDevice.swift */,
				3A6F35A32DA9597A00D09368 /* CGSize+Extensions.swift */,
			);
			path = Helper;
			sourceTree = "<group>";
		};
		3AED6AC42D7CFD0C00140414 /* Preview Content */ = {
			isa = PBXGroup;
			children = (
				3AED6AC32D7CFD0C00140414 /* Preview Assets.xcassets */,
			);
			path = "Preview Content";
			sourceTree = "<group>";
		};
		3AED6AC62D7CFD0C00140414 /* Views */ = {
			isa = PBXGroup;
			children = (
				3A6F359B2DA957D800D09368 /* Subviews */,
				3A1DEFF62DB5A2150009193A /* IntroScreen.swift */,
				3A6F354F2DA47D9100D09368 /* settingsView.swift */,
				3A130A9B2D9D7A5300978BF8 /* infoView.swift */,
				3AA93F042D9B3DB400BDD73D /* NewTaskView.swift */,
				3AA93EFE2D99EF2B00BDD73D /* HomeView.swift */,
				3AA93F022D9A6BB100BDD73D /* TaskRowView.swift */,
				3A130A9D2D9D9AF800978BF8 /* TasksView.swift */,
			);
			path = Views;
			sourceTree = "<group>";
		};
		3AED6ACE2D7CFD0C00140414 /* TaskSync */ = {
			isa = PBXGroup;
			children = (
				3AA7D2B12DAAF332009E0F1D /* Subscripion Service */,
				3AA93EF92D99ECFC00BDD73D /* Helper */,
				3AA93EF42D98651100BDD73D /* Components */,
				3AA93EED2D92035600BDD73D /* Model */,
				3AED6AC42D7CFD0C00140414 /* Preview Content */,
				3AED6AC62D7CFD0C00140414 /* Views */,
				3AED6AC72D7CFD0C00140414 /* Assets.xcassets */,
				3AED6AC82D7CFD0C00140414 /* ContentView.swift */,
				3AED6AC92D7CFD0C00140414 /* Info.plist */,
				3AED6ACB2D7CFD0C00140414 /* TaskSync.entitlements */,
				3AED6ACD2D7CFD0C00140414 /* TaskSyncApp.swift */,
			);
			path = TaskSync;
			sourceTree = "<group>";
		};
/* End PBXGroup section */

/* Begin PBXNativeTarget section */
		3AA041AF2CD7E73C006B734E /* TaskSync */ = {
			isa = PBXNativeTarget;
			buildConfigurationList = 3AA041C42CD7E73F006B734E /* Build configuration list for PBXNativeTarget "TaskSync" */;
			buildPhases = (
				3AA041AC2CD7E73C006B734E /* Sources */,
				3AA041AD2CD7E73C006B734E /* Frameworks */,
				3AA041AE2CD7E73C006B734E /* Resources */,
			);
			buildRules = (
			);
			dependencies = (
			);
			name = TaskSync;
			packageProductDependencies = (
				3AA7D2B52DAAF3CF009E0F1D /* RevenueCat */,
				3AA7D2B72DAAF3CF009E0F1D /* RevenueCatUI */,
			);
			productName = TaskSync;
			productReference = 3AA041B02CD7E73D006B734E /* TaskSync.app */;
			productType = "com.apple.product-type.application";
		};
/* End PBXNativeTarget section */

/* Begin PBXProject section */
		3AA041A82CD7E73C006B734E /* Project object */ = {
			isa = PBXProject;
			attributes = {
				BuildIndependentTargetsInParallel = 1;
				LastSwiftUpdateCheck = 1610;
				LastUpgradeCheck = 1630;
				TargetAttributes = {
					3AA041AF2CD7E73C006B734E = {
						CreatedOnToolsVersion = 16.1;
					};
				};
			};
			buildConfigurationList = 3AA041AB2CD7E73C006B734E /* Build configuration list for PBXProject "TaskSync" */;
			developmentRegion = en;
			hasScannedForEncodings = 0;
			knownRegions = (
				en,
				Base,
			);
			mainGroup = 3AA041A72CD7E73C006B734E;
			minimizedProjectReferenceProxies = 1;
			packageReferences = (
				3AA7D2B42DAAF3CF009E0F1D /* XCRemoteSwiftPackageReference "purchases-ios-spm" */,
			);
			preferredProjectObjectVersion = 77;
			productRefGroup = 3AA041B12CD7E73D006B734E /* Products */;
			projectDirPath = "";
			projectRoot = "";
			targets = (
				3AA041AF2CD7E73C006B734E /* TaskSync */,
			);
		};
/* End PBXProject section */

/* Begin PBXResourcesBuildPhase section */
		3AA041AE2CD7E73C006B734E /* Resources */ = {
			isa = PBXResourcesBuildPhase;
			buildActionMask = 2147483647;
			files = (
				3AED6AD02D7CFD0C00140414 /* Preview Assets.xcassets in Resources */,
				3AED6AD12D7CFD0C00140414 /* Assets.xcassets in Resources */,
			);
			runOnlyForDeploymentPostprocessing = 0;
		};
/* End PBXResourcesBuildPhase section */

/* Begin PBXSourcesBuildPhase section */
		3AA041AC2CD7E73C006B734E /* Sources */ = {
			isa = PBXSourcesBuildPhase;
			buildActionMask = 2147483647;
			files = (
				3AA7D2BE2DAAF4D2009E0F1D /* SubscriptionButton.swift in Sources */,
				3AA93F012D9A648000BDD73D /* offsetKey.swift in Sources */,
				3AA7D2BA2DAAF445009E0F1D /* appSubscriptionModel.swift in Sources */,
				3A6F35A22DA9593600D09368 /* UIDevice.swift in Sources */,
				3AAF191D2DB0138300142D5D /* calendarImportView.swift in Sources */,
				3AA93EEF2D92036200BDD73D /* TabModel.swift in Sources */,
				3AA93F032D9A6BBE00BDD73D /* TaskRowView.swift in Sources */,
				3A6F35A42DA9597A00D09368 /* CGSize+Extensions.swift in Sources */,
				3A130A9E2D9D9AFD00978BF8 /* TasksView.swift in Sources */,
				3AA7D2B32DAAF35A009E0F1D /* apiKeys.swift in Sources */,
				3AA93EF82D99EA3800BDD73D /* TaskData.swift in Sources */,
				3AA7D2BC2DAAF474009E0F1D /* PricingView.swift in Sources */,
				3A1DEFA72DB431120009193A /* helpFAQView.swift in Sources */,
				3AED6AD42D7CFD0C00140414 /* ContentView.swift in Sources */,
				3A130A9C2D9D7A5D00978BF8 /* infoView.swift in Sources */,
				3AA93F052D9B3DB500BDD73D /* NewTaskView.swift in Sources */,
				3A6F359E2DA9589C00D09368 /* alternativeAppIcons.swift in Sources */,
				3AA93EFF2D99EF2F00BDD73D /* HomeView.swift in Sources */,
				3AA93EFB2D99ED1A00BDD73D /* View+Extenstions.swift in Sources */,
				3AA7D2C02DAAF4FC009E0F1D /* SubscriptionView.swift in Sources */,
				3A1DEFAB2DB536C50009193A /* AppReviewRequest.swift in Sources */,
				3AA93EF62D98652F00BDD73D /* TextFieldClearButton.swift in Sources */,
				3A6F35A62DA9828100D09368 /* aboutView.swift in Sources */,
				3A1DEFF52DB565580009193A /* SchemePickerView.swift in Sources */,
				3A1DEFF72DB5A21A0009193A /* IntroScreen.swift in Sources */,
				3AA93EFD2D99EDAF00BDD73D /* Date+Extentsions.swift in Sources */,
				3A6F35A02DA958F100D09368 /* feedbackView.swift in Sources */,
				3A6F35502DA47DA000D09368 /* settingsView.swift in Sources */,
				3AED6AD72D7CFD0C00140414 /* TaskSyncApp.swift in Sources */,
			);
			runOnlyForDeploymentPostprocessing = 0;
		};
/* End PBXSourcesBuildPhase section */

/* Begin XCBuildConfiguration section */
		3AA041C52CD7E73F006B734E /* Debug */ = {
			isa = XCBuildConfiguration;
			buildSettings = {
				ASSETCATALOG_COMPILER_APPICON_NAME = AppIcon;
				ASSETCATALOG_COMPILER_GLOBAL_ACCENT_COLOR_NAME = AccentColor;
				CODE_SIGN_ENTITLEMENTS = TaskSync/TaskSync.entitlements;
				CODE_SIGN_STYLE = Automatic;
				CURRENT_PROJECT_VERSION = 2025.1;
				DEAD_CODE_STRIPPING = YES;
				DEVELOPMENT_ASSET_PATHS = "\"TaskSync/Preview Content\"";
				ENABLE_HARDENED_RUNTIME = YES;
				ENABLE_PREVIEWS = YES;
				GENERATE_INFOPLIST_FILE = YES;
				INFOPLIST_FILE = TaskSync/Info.plist;
				INFOPLIST_KEY_NSCalendarsUsageDescription = "We need access to your calendar to import events into TaskSync.";
				"INFOPLIST_KEY_UIApplicationSceneManifest_Generation[sdk=iphoneos*]" = YES;
				"INFOPLIST_KEY_UIApplicationSceneManifest_Generation[sdk=iphonesimulator*]" = YES;
				"INFOPLIST_KEY_UIApplicationSupportsIndirectInputEvents[sdk=iphoneos*]" = YES;
				"INFOPLIST_KEY_UIApplicationSupportsIndirectInputEvents[sdk=iphonesimulator*]" = YES;
				"INFOPLIST_KEY_UILaunchScreen_Generation[sdk=iphoneos*]" = YES;
				"INFOPLIST_KEY_UILaunchScreen_Generation[sdk=iphonesimulator*]" = YES;
				"INFOPLIST_KEY_UIStatusBarStyle[sdk=iphoneos*]" = UIStatusBarStyleDefault;
				"INFOPLIST_KEY_UIStatusBarStyle[sdk=iphonesimulator*]" = UIStatusBarStyleDefault;
				INFOPLIST_KEY_UISupportedInterfaceOrientations = "UIInterfaceOrientationPortrait UIInterfaceOrientationPortraitUpsideDown";
				INFOPLIST_KEY_UISupportedInterfaceOrientations_iPad = "UIInterfaceOrientationLandscapeLeft UIInterfaceOrientationLandscapeRight UIInterfaceOrientationPortrait UIInterfaceOrientationPortraitUpsideDown";
				IPHONEOS_DEPLOYMENT_TARGET = 18.0;
				LD_RUNPATH_SEARCH_PATHS = "@executable_path/Frameworks";
				"LD_RUNPATH_SEARCH_PATHS[sdk=macosx*]" = "@executable_path/../Frameworks";
				MACOSX_DEPLOYMENT_TARGET = 14.6;
				MARKETING_VERSION = 1.0.0;
				PRODUCT_BUNDLE_IDENTIFIER = com.studio4design.TaskSync;
				PRODUCT_NAME = "$(TARGET_NAME)";
				SDKROOT = auto;
				SUPPORTED_PLATFORMS = "iphoneos iphonesimulator";
				SUPPORTS_MACCATALYST = NO;
				SUPPORTS_MAC_DESIGNED_FOR_IPHONE_IPAD = NO;
				SWIFT_EMIT_LOC_STRINGS = YES;
				SWIFT_VERSION = 5.0;
				TARGETED_DEVICE_FAMILY = 1;
				XROS_DEPLOYMENT_TARGET = 1.3;
			};
			name = Debug;
		};
		3AA041C62CD7E73F006B734E /* Release */ = {
			isa = XCBuildConfiguration;
			buildSettings = {
				ASSETCATALOG_COMPILER_APPICON_NAME = AppIcon;
				ASSETCATALOG_COMPILER_GLOBAL_ACCENT_COLOR_NAME = AccentColor;
				CODE_SIGN_ENTITLEMENTS = TaskSync/TaskSync.entitlements;
				CODE_SIGN_STYLE = Automatic;
				CURRENT_PROJECT_VERSION = 2025.1;
				DEAD_CODE_STRIPPING = YES;
				DEVELOPMENT_ASSET_PATHS = "\"TaskSync/Preview Content\"";
				ENABLE_HARDENED_RUNTIME = YES;
				ENABLE_PREVIEWS = YES;
				GENERATE_INFOPLIST_FILE = YES;
				INFOPLIST_FILE = TaskSync/Info.plist;
				INFOPLIST_KEY_NSCalendarsUsageDescription = "We need access to your calendar to import events into TaskSync.";
				"INFOPLIST_KEY_UIApplicationSceneManifest_Generation[sdk=iphoneos*]" = YES;
				"INFOPLIST_KEY_UIApplicationSceneManifest_Generation[sdk=iphonesimulator*]" = YES;
				"INFOPLIST_KEY_UIApplicationSupportsIndirectInputEvents[sdk=iphoneos*]" = YES;
				"INFOPLIST_KEY_UIApplicationSupportsIndirectInputEvents[sdk=iphonesimulator*]" = YES;
				"INFOPLIST_KEY_UILaunchScreen_Generation[sdk=iphoneos*]" = YES;
				"INFOPLIST_KEY_UILaunchScreen_Generation[sdk=iphonesimulator*]" = YES;
				"INFOPLIST_KEY_UIStatusBarStyle[sdk=iphoneos*]" = UIStatusBarStyleDefault;
				"INFOPLIST_KEY_UIStatusBarStyle[sdk=iphonesimulator*]" = UIStatusBarStyleDefault;
				INFOPLIST_KEY_UISupportedInterfaceOrientations = "UIInterfaceOrientationPortrait UIInterfaceOrientationPortraitUpsideDown";
				INFOPLIST_KEY_UISupportedInterfaceOrientations_iPad = "UIInterfaceOrientationLandscapeLeft UIInterfaceOrientationLandscapeRight UIInterfaceOrientationPortrait UIInterfaceOrientationPortraitUpsideDown";
				IPHONEOS_DEPLOYMENT_TARGET = 18.0;
				LD_RUNPATH_SEARCH_PATHS = "@executable_path/Frameworks";
				"LD_RUNPATH_SEARCH_PATHS[sdk=macosx*]" = "@executable_path/../Frameworks";
				MACOSX_DEPLOYMENT_TARGET = 14.6;
				MARKETING_VERSION = 1.0.0;
				PRODUCT_BUNDLE_IDENTIFIER = com.studio4design.TaskSync;
				PRODUCT_NAME = "$(TARGET_NAME)";
				SDKROOT = auto;
				SUPPORTED_PLATFORMS = "iphoneos iphonesimulator";
				SUPPORTS_MACCATALYST = NO;
				SUPPORTS_MAC_DESIGNED_FOR_IPHONE_IPAD = NO;
				SWIFT_EMIT_LOC_STRINGS = YES;
				SWIFT_VERSION = 5.0;
				TARGETED_DEVICE_FAMILY = 1;
				XROS_DEPLOYMENT_TARGET = 1.3;
			};
			name = Release;
		};
		3AA041C72CD7E73F006B734E /* Debug */ = {
			isa = XCBuildConfiguration;
			buildSettings = {
				ALWAYS_SEARCH_USER_PATHS = NO;
				ASSETCATALOG_COMPILER_GENERATE_SWIFT_ASSET_SYMBOL_EXTENSIONS = YES;
				CLANG_ANALYZER_NONNULL = YES;
				CLANG_ANALYZER_NUMBER_OBJECT_CONVERSION = YES_AGGRESSIVE;
				CLANG_CXX_LANGUAGE_STANDARD = "gnu++20";
				CLANG_ENABLE_MODULES = YES;
				CLANG_ENABLE_OBJC_ARC = YES;
				CLANG_ENABLE_OBJC_WEAK = YES;
				CLANG_WARN_BLOCK_CAPTURE_AUTORELEASING = YES;
				CLANG_WARN_BOOL_CONVERSION = YES;
				CLANG_WARN_COMMA = YES;
				CLANG_WARN_CONSTANT_CONVERSION = YES;
				CLANG_WARN_DEPRECATED_OBJC_IMPLEMENTATIONS = YES;
				CLANG_WARN_DIRECT_OBJC_ISA_USAGE = YES_ERROR;
				CLANG_WARN_DOCUMENTATION_COMMENTS = YES;
				CLANG_WARN_EMPTY_BODY = YES;
				CLANG_WARN_ENUM_CONVERSION = YES;
				CLANG_WARN_INFINITE_RECURSION = YES;
				CLANG_WARN_INT_CONVERSION = YES;
				CLANG_WARN_NON_LITERAL_NULL_CONVERSION = YES;
				CLANG_WARN_OBJC_IMPLICIT_RETAIN_SELF = YES;
				CLANG_WARN_OBJC_LITERAL_CONVERSION = YES;
				CLANG_WARN_OBJC_ROOT_CLASS = YES_ERROR;
				CLANG_WARN_QUOTED_INCLUDE_IN_FRAMEWORK_HEADER = YES;
				CLANG_WARN_RANGE_LOOP_ANALYSIS = YES;
				CLANG_WARN_STRICT_PROTOTYPES = YES;
				CLANG_WARN_SUSPICIOUS_MOVE = YES;
				CLANG_WARN_UNGUARDED_AVAILABILITY = YES_AGGRESSIVE;
				CLANG_WARN_UNREACHABLE_CODE = YES;
				CLANG_WARN__DUPLICATE_METHOD_MATCH = YES;
				COPY_PHASE_STRIP = NO;
				DEAD_CODE_STRIPPING = YES;
				DEBUG_INFORMATION_FORMAT = dwarf;
				DEVELOPMENT_TEAM = WM7RG95JZ8;
				ENABLE_STRICT_OBJC_MSGSEND = YES;
				ENABLE_TESTABILITY = YES;
				ENABLE_USER_SCRIPT_SANDBOXING = YES;
				GCC_C_LANGUAGE_STANDARD = gnu17;
				GCC_DYNAMIC_NO_PIC = NO;
				GCC_NO_COMMON_BLOCKS = YES;
				GCC_OPTIMIZATION_LEVEL = 0;
				GCC_PREPROCESSOR_DEFINITIONS = (
					"DEBUG=1",
					"$(inherited)",
				);
				GCC_WARN_64_TO_32_BIT_CONVERSION = YES;
				GCC_WARN_ABOUT_RETURN_TYPE = YES_ERROR;
				GCC_WARN_UNDECLARED_SELECTOR = YES;
				GCC_WARN_UNINITIALIZED_AUTOS = YES_AGGRESSIVE;
				GCC_WARN_UNUSED_FUNCTION = YES;
				GCC_WARN_UNUSED_VARIABLE = YES;
				LOCALIZATION_PREFERS_STRING_CATALOGS = YES;
				MTL_ENABLE_DEBUG_INFO = INCLUDE_SOURCE;
				MTL_FAST_MATH = YES;
				ONLY_ACTIVE_ARCH = YES;
				SWIFT_ACTIVE_COMPILATION_CONDITIONS = "DEBUG $(inherited)";
				SWIFT_OPTIMIZATION_LEVEL = "-Onone";
			};
			name = Debug;
		};
		3AA041C82CD7E73F006B734E /* Release */ = {
			isa = XCBuildConfiguration;
			buildSettings = {
				ALWAYS_SEARCH_USER_PATHS = NO;
				ASSETCATALOG_COMPILER_GENERATE_SWIFT_ASSET_SYMBOL_EXTENSIONS = YES;
				CLANG_ANALYZER_NONNULL = YES;
				CLANG_ANALYZER_NUMBER_OBJECT_CONVERSION = YES_AGGRESSIVE;
				CLANG_CXX_LANGUAGE_STANDARD = "gnu++20";
				CLANG_ENABLE_MODULES = YES;
				CLANG_ENABLE_OBJC_ARC = YES;
				CLANG_ENABLE_OBJC_WEAK = YES;
				CLANG_WARN_BLOCK_CAPTURE_AUTORELEASING = YES;
				CLANG_WARN_BOOL_CONVERSION = YES;
				CLANG_WARN_COMMA = YES;
				CLANG_WARN_CONSTANT_CONVERSION = YES;
				CLANG_WARN_DEPRECATED_OBJC_IMPLEMENTATIONS = YES;
				CLANG_WARN_DIRECT_OBJC_ISA_USAGE = YES_ERROR;
				CLANG_WARN_DOCUMENTATION_COMMENTS = YES;
				CLANG_WARN_EMPTY_BODY = YES;
				CLANG_WARN_ENUM_CONVERSION = YES;
				CLANG_WARN_INFINITE_RECURSION = YES;
				CLANG_WARN_INT_CONVERSION = YES;
				CLANG_WARN_NON_LITERAL_NULL_CONVERSION = YES;
				CLANG_WARN_OBJC_IMPLICIT_RETAIN_SELF = YES;
				CLANG_WARN_OBJC_LITERAL_CONVERSION = YES;
				CLANG_WARN_OBJC_ROOT_CLASS = YES_ERROR;
				CLANG_WARN_QUOTED_INCLUDE_IN_FRAMEWORK_HEADER = YES;
				CLANG_WARN_RANGE_LOOP_ANALYSIS = YES;
				CLANG_WARN_STRICT_PROTOTYPES = YES;
				CLANG_WARN_SUSPICIOUS_MOVE = YES;
				CLANG_WARN_UNGUARDED_AVAILABILITY = YES_AGGRESSIVE;
				CLANG_WARN_UNREACHABLE_CODE = YES;
				CLANG_WARN__DUPLICATE_METHOD_MATCH = YES;
				COPY_PHASE_STRIP = NO;
				DEAD_CODE_STRIPPING = YES;
				DEBUG_INFORMATION_FORMAT = "dwarf-with-dsym";
				DEVELOPMENT_TEAM = WM7RG95JZ8;
				ENABLE_NS_ASSERTIONS = NO;
				ENABLE_STRICT_OBJC_MSGSEND = YES;
				ENABLE_USER_SCRIPT_SANDBOXING = YES;
				GCC_C_LANGUAGE_STANDARD = gnu17;
				GCC_NO_COMMON_BLOCKS = YES;
				GCC_WARN_64_TO_32_BIT_CONVERSION = YES;
				GCC_WARN_ABOUT_RETURN_TYPE = YES_ERROR;
				GCC_WARN_UNDECLARED_SELECTOR = YES;
				GCC_WARN_UNINITIALIZED_AUTOS = YES_AGGRESSIVE;
				GCC_WARN_UNUSED_FUNCTION = YES;
				GCC_WARN_UNUSED_VARIABLE = YES;
				LOCALIZATION_PREFERS_STRING_CATALOGS = YES;
				MTL_ENABLE_DEBUG_INFO = NO;
				MTL_FAST_MATH = YES;
				SWIFT_COMPILATION_MODE = wholemodule;
			};
			name = Release;
		};
/* End XCBuildConfiguration section */

/* Begin XCConfigurationList section */
		3AA041AB2CD7E73C006B734E /* Build configuration list for PBXProject "TaskSync" */ = {
			isa = XCConfigurationList;
			buildConfigurations = (
				3AA041C72CD7E73F006B734E /* Debug */,
				3AA041C82CD7E73F006B734E /* Release */,
			);
			defaultConfigurationIsVisible = 0;
			defaultConfigurationName = Release;
		};
		3AA041C42CD7E73F006B734E /* Build configuration list for PBXNativeTarget "TaskSync" */ = {
			isa = XCConfigurationList;
			buildConfigurations = (
				3AA041C52CD7E73F006B734E /* Debug */,
				3AA041C62CD7E73F006B734E /* Release */,
			);
			defaultConfigurationIsVisible = 0;
			defaultConfigurationName = Release;
		};
/* End XCConfigurationList section */

/* Begin XCRemoteSwiftPackageReference section */
		3AA7D2B42DAAF3CF009E0F1D /* XCRemoteSwiftPackageReference "purchases-ios-spm" */ = {
			isa = XCRemoteSwiftPackageReference;
			repositoryURL = "https://github.com/RevenueCat/purchases-ios-spm";
			requirement = {
				kind = upToNextMajorVersion;
				minimumVersion = 5.21.1;
			};
		};
/* End XCRemoteSwiftPackageReference section */

/* Begin XCSwiftPackageProductDependency section */
		3AA7D2B52DAAF3CF009E0F1D /* RevenueCat */ = {
			isa = XCSwiftPackageProductDependency;
			package = 3AA7D2B42DAAF3CF009E0F1D /* XCRemoteSwiftPackageReference "purchases-ios-spm" */;
			productName = RevenueCat;
		};
		3AA7D2B72DAAF3CF009E0F1D /* RevenueCatUI */ = {
			isa = XCSwiftPackageProductDependency;
			package = 3AA7D2B42DAAF3CF009E0F1D /* XCRemoteSwiftPackageReference "purchases-ios-spm" */;
			productName = RevenueCatUI;
		};
/* End XCSwiftPackageProductDependency section */
	};
	rootObject = 3AA041A82CD7E73C006B734E /* Project object */;
}
