// !$*UTF8*$!
{
	archiveVersion = 1;
	classes = {
	};
	objectVersion = 77;
	objects = {

/* Begin PBXBuildFile section */
		3A69C22A2D7F884F000A7468 /* AddNewTask.swift in Sources */ = {isa = PBXBuildFile; fileRef = 3A69C2292D7F8846000A7468 /* AddNewTask.swift */; };
		3A69C22C2D80617B000A7468 /* DynamicFilteredView.swift in Sources */ = {isa = PBXBuildFile; fileRef = 3A69C22B2D80617B000A7468 /* DynamicFilteredView.swift */; };
		3AED6AD02D7CFD0C00140414 /* Preview Assets.xcassets in Resources */ = {isa = PBXBuildFile; fileRef = 3AED6AC32D7CFD0C00140414 /* Preview Assets.xcassets */; };
		3AED6AD12D7CFD0C00140414 /* Assets.xcassets in Resources */ = {isa = PBXBuildFile; fileRef = 3AED6AC72D7CFD0C00140414 /* Assets.xcassets */; };
		3AED6AD32D7CFD0C00140414 /* Home.swift in Sources */ = {isa = PBXBuildFile; fileRef = 3AED6AC52D7CFD0C00140414 /* Home.swift */; };
		3AED6AD42D7CFD0C00140414 /* ContentView.swift in Sources */ = {isa = PBXBuildFile; fileRef = 3AED6AC82D7CFD0C00140414 /* ContentView.swift */; };
		3AED6AD52D7CFD0C00140414 /* Persistence.swift in Sources */ = {isa = PBXBuildFile; fileRef = 3AED6ACA2D7CFD0C00140414 /* Persistence.swift */; };
		3AED6AD62D7CFD0C00140414 /* TaskSync.xcdatamodeld in Sources */ = {isa = PBXBuildFile; fileRef = 3AED6ACC2D7CFD0C00140414 /* TaskSync.xcdatamodeld */; };
		3AED6AD72D7CFD0C00140414 /* TaskSyncApp.swift in Sources */ = {isa = PBXBuildFile; fileRef = 3AED6ACD2D7CFD0C00140414 /* TaskSyncApp.swift */; };
		3AED6ADA2D7D1AA000140414 /* TaskViewModel.swift in Sources */ = {isa = PBXBuildFile; fileRef = 3AED6AD92D7D1A9500140414 /* TaskViewModel.swift */; };
/* End PBXBuildFile section */

/* Begin PBXFileReference section */
		3A69C2292D7F8846000A7468 /* AddNewTask.swift */ = {isa = PBXFileReference; lastKnownFileType = sourcecode.swift; path = AddNewTask.swift; sourceTree = "<group>"; };
		3A69C22B2D80617B000A7468 /* DynamicFilteredView.swift */ = {isa = PBXFileReference; lastKnownFileType = sourcecode.swift; path = DynamicFilteredView.swift; sourceTree = "<group>"; };
		3AA041B02CD7E73D006B734E /* TaskSync.app */ = {isa = PBXFileReference; explicitFileType = wrapper.application; includeInIndex = 0; path = TaskSync.app; sourceTree = BUILT_PRODUCTS_DIR; };
		3AED6AC32D7CFD0C00140414 /* Preview Assets.xcassets */ = {isa = PBXFileReference; lastKnownFileType = folder.assetcatalog; path = "Preview Assets.xcassets"; sourceTree = "<group>"; };
		3AED6AC52D7CFD0C00140414 /* Home.swift */ = {isa = PBXFileReference; lastKnownFileType = sourcecode.swift; path = Home.swift; sourceTree = "<group>"; };
		3AED6AC72D7CFD0C00140414 /* Assets.xcassets */ = {isa = PBXFileReference; lastKnownFileType = folder.assetcatalog; path = Assets.xcassets; sourceTree = "<group>"; };
		3AED6AC82D7CFD0C00140414 /* ContentView.swift */ = {isa = PBXFileReference; lastKnownFileType = sourcecode.swift; path = ContentView.swift; sourceTree = "<group>"; };
		3AED6AC92D7CFD0C00140414 /* Info.plist */ = {isa = PBXFileReference; lastKnownFileType = text.plist.xml; path = Info.plist; sourceTree = "<group>"; };
		3AED6ACA2D7CFD0C00140414 /* Persistence.swift */ = {isa = PBXFileReference; lastKnownFileType = sourcecode.swift; path = Persistence.swift; sourceTree = "<group>"; };
		3AED6ACB2D7CFD0C00140414 /* TaskSync.entitlements */ = {isa = PBXFileReference; lastKnownFileType = text.plist.entitlements; path = TaskSync.entitlements; sourceTree = "<group>"; };
		3AED6ACD2D7CFD0C00140414 /* TaskSyncApp.swift */ = {isa = PBXFileReference; lastKnownFileType = sourcecode.swift; path = TaskSyncApp.swift; sourceTree = "<group>"; };
		3AED6ACF2D7CFD0C00140414 /* TaskSync.xcdatamodel */ = {isa = PBXFileReference; lastKnownFileType = wrapper.xcdatamodel; path = TaskSync.xcdatamodel; sourceTree = "<group>"; };
		3AED6AD92D7D1A9500140414 /* TaskViewModel.swift */ = {isa = PBXFileReference; lastKnownFileType = sourcecode.swift; path = TaskViewModel.swift; sourceTree = "<group>"; };
/* End PBXFileReference section */

/* Begin PBXFrameworksBuildPhase section */
		3AA041AD2CD7E73C006B734E /* Frameworks */ = {
			isa = PBXFrameworksBuildPhase;
			buildActionMask = 2147483647;
			files = (
			);
			runOnlyForDeploymentPostprocessing = 0;
		};
/* End PBXFrameworksBuildPhase section */

/* Begin PBXGroup section */
		3AA041A72CD7E73C006B734E = {
			isa = PBXGroup;
			children = (
				3AED6ACE2D7CFD0C00140414 /* TaskSync */,
				3AA041B12CD7E73D006B734E /* Products */,
			);
			sourceTree = "<group>";
		};
		3AA041B12CD7E73D006B734E /* Products */ = {
			isa = PBXGroup;
			children = (
				3AA041B02CD7E73D006B734E /* TaskSync.app */,
			);
			name = Products;
			sourceTree = "<group>";
		};
		3AED6AC42D7CFD0C00140414 /* Preview Content */ = {
			isa = PBXGroup;
			children = (
				3AED6AC32D7CFD0C00140414 /* Preview Assets.xcassets */,
			);
			path = "Preview Content";
			sourceTree = "<group>";
		};
		3AED6AC62D7CFD0C00140414 /* Views */ = {
			isa = PBXGroup;
			children = (
				3A69C2292D7F8846000A7468 /* AddNewTask.swift */,
				3AED6AC52D7CFD0C00140414 /* Home.swift */,
				3A69C22B2D80617B000A7468 /* DynamicFilteredView.swift */,
			);
			path = Views;
			sourceTree = "<group>";
		};
		3AED6ACE2D7CFD0C00140414 /* TaskSync */ = {
			isa = PBXGroup;
			children = (
				3AED6AD82D7CFD2C00140414 /* ViewModel */,
				3AED6AC42D7CFD0C00140414 /* Preview Content */,
				3AED6AC62D7CFD0C00140414 /* Views */,
				3AED6AC72D7CFD0C00140414 /* Assets.xcassets */,
				3AED6AC82D7CFD0C00140414 /* ContentView.swift */,
				3AED6AC92D7CFD0C00140414 /* Info.plist */,
				3AED6ACA2D7CFD0C00140414 /* Persistence.swift */,
				3AED6ACB2D7CFD0C00140414 /* TaskSync.entitlements */,
				3AED6ACC2D7CFD0C00140414 /* TaskSync.xcdatamodeld */,
				3AED6ACD2D7CFD0C00140414 /* TaskSyncApp.swift */,
			);
			path = TaskSync;
			sourceTree = "<group>";
		};
		3AED6AD82D7CFD2C00140414 /* ViewModel */ = {
			isa = PBXGroup;
			children = (
				3AED6AD92D7D1A9500140414 /* TaskViewModel.swift */,
			);
			path = ViewModel;
			sourceTree = "<group>";
		};
/* End PBXGroup section */

/* Begin PBXNativeTarget section */
		3AA041AF2CD7E73C006B734E /* TaskSync */ = {
			isa = PBXNativeTarget;
			buildConfigurationList = 3AA041C42CD7E73F006B734E /* Build configuration list for PBXNativeTarget "TaskSync" */;
			buildPhases = (
				3AA041AC2CD7E73C006B734E /* Sources */,
				3AA041AD2CD7E73C006B734E /* Frameworks */,
				3AA041AE2CD7E73C006B734E /* Resources */,
			);
			buildRules = (
			);
			dependencies = (
			);
			name = TaskSync;
			packageProductDependencies = (
			);
			productName = TaskSync;
			productReference = 3AA041B02CD7E73D006B734E /* TaskSync.app */;
			productType = "com.apple.product-type.application";
		};
/* End PBXNativeTarget section */

/* Begin PBXProject section */
		3AA041A82CD7E73C006B734E /* Project object */ = {
			isa = PBXProject;
			attributes = {
				BuildIndependentTargetsInParallel = 1;
				LastSwiftUpdateCheck = 1610;
				LastUpgradeCheck = 1610;
				TargetAttributes = {
					3AA041AF2CD7E73C006B734E = {
						CreatedOnToolsVersion = 16.1;
					};
				};
			};
			buildConfigurationList = 3AA041AB2CD7E73C006B734E /* Build configuration list for PBXProject "TaskSync" */;
			developmentRegion = en;
			hasScannedForEncodings = 0;
			knownRegions = (
				en,
				Base,
			);
			mainGroup = 3AA041A72CD7E73C006B734E;
			minimizedProjectReferenceProxies = 1;
			preferredProjectObjectVersion = 77;
			productRefGroup = 3AA041B12CD7E73D006B734E /* Products */;
			projectDirPath = "";
			projectRoot = "";
			targets = (
				3AA041AF2CD7E73C006B734E /* TaskSync */,
			);
		};
/* End PBXProject section */

/* Begin PBXResourcesBuildPhase section */
		3AA041AE2CD7E73C006B734E /* Resources */ = {
			isa = PBXResourcesBuildPhase;
			buildActionMask = 2147483647;
			files = (
				3AED6AD02D7CFD0C00140414 /* Preview Assets.xcassets in Resources */,
				3AED6AD12D7CFD0C00140414 /* Assets.xcassets in Resources */,
			);
			runOnlyForDeploymentPostprocessing = 0;
		};
/* End PBXResourcesBuildPhase section */

/* Begin PBXSourcesBuildPhase section */
		3AA041AC2CD7E73C006B734E /* Sources */ = {
			isa = PBXSourcesBuildPhase;
			buildActionMask = 2147483647;
			files = (
				3AED6AD32D7CFD0C00140414 /* Home.swift in Sources */,
				3AED6ADA2D7D1AA000140414 /* TaskViewModel.swift in Sources */,
				3A69C22C2D80617B000A7468 /* DynamicFilteredView.swift in Sources */,
				3AED6AD42D7CFD0C00140414 /* ContentView.swift in Sources */,
				3AED6AD52D7CFD0C00140414 /* Persistence.swift in Sources */,
				3A69C22A2D7F884F000A7468 /* AddNewTask.swift in Sources */,
				3AED6AD62D7CFD0C00140414 /* TaskSync.xcdatamodeld in Sources */,
				3AED6AD72D7CFD0C00140414 /* TaskSyncApp.swift in Sources */,
			);
			runOnlyForDeploymentPostprocessing = 0;
		};
/* End PBXSourcesBuildPhase section */

/* Begin XCBuildConfiguration section */
		3AA041C52CD7E73F006B734E /* Debug */ = {
			isa = XCBuildConfiguration;
			buildSettings = {
				ASSETCATALOG_COMPILER_APPICON_NAME = AppIcon;
				ASSETCATALOG_COMPILER_GLOBAL_ACCENT_COLOR_NAME = AccentColor;
				CODE_SIGN_ENTITLEMENTS = TaskSync/TaskSync.entitlements;
				CODE_SIGN_STYLE = Automatic;
				CURRENT_PROJECT_VERSION = 1;
				DEVELOPMENT_ASSET_PATHS = "\"TaskSync/Preview Content\"";
				DEVELOPMENT_TEAM = WM7RG95JZ8;
				ENABLE_HARDENED_RUNTIME = YES;
				ENABLE_PREVIEWS = YES;
				GENERATE_INFOPLIST_FILE = YES;
				INFOPLIST_FILE = TaskSync/Info.plist;
				"INFOPLIST_KEY_UIApplicationSceneManifest_Generation[sdk=iphoneos*]" = YES;
				"INFOPLIST_KEY_UIApplicationSceneManifest_Generation[sdk=iphonesimulator*]" = YES;
				"INFOPLIST_KEY_UIApplicationSupportsIndirectInputEvents[sdk=iphoneos*]" = YES;
				"INFOPLIST_KEY_UIApplicationSupportsIndirectInputEvents[sdk=iphonesimulator*]" = YES;
				"INFOPLIST_KEY_UILaunchScreen_Generation[sdk=iphoneos*]" = YES;
				"INFOPLIST_KEY_UILaunchScreen_Generation[sdk=iphonesimulator*]" = YES;
				"INFOPLIST_KEY_UIStatusBarStyle[sdk=iphoneos*]" = UIStatusBarStyleDefault;
				"INFOPLIST_KEY_UIStatusBarStyle[sdk=iphonesimulator*]" = UIStatusBarStyleDefault;
				INFOPLIST_KEY_UISupportedInterfaceOrientations = "UIInterfaceOrientationPortrait UIInterfaceOrientationPortraitUpsideDown";
				INFOPLIST_KEY_UISupportedInterfaceOrientations_iPad = "UIInterfaceOrientationLandscapeLeft UIInterfaceOrientationLandscapeRight UIInterfaceOrientationPortrait UIInterfaceOrientationPortraitUpsideDown";
				IPHONEOS_DEPLOYMENT_TARGET = 18.0;
				LD_RUNPATH_SEARCH_PATHS = "@executable_path/Frameworks";
				"LD_RUNPATH_SEARCH_PATHS[sdk=macosx*]" = "@executable_path/../Frameworks";
				MACOSX_DEPLOYMENT_TARGET = 14.6;
				MARKETING_VERSION = 1.0;
				PRODUCT_BUNDLE_IDENTIFIER = org.studio4design.TaskSync;
				PRODUCT_NAME = "$(TARGET_NAME)";
				SDKROOT = auto;
				SUPPORTED_PLATFORMS = "iphoneos iphonesimulator";
				SUPPORTS_MACCATALYST = NO;
				SUPPORTS_MAC_DESIGNED_FOR_IPHONE_IPAD = NO;
				SWIFT_EMIT_LOC_STRINGS = YES;
				SWIFT_VERSION = 5.0;
				TARGETED_DEVICE_FAMILY = 1;
				XROS_DEPLOYMENT_TARGET = 1.3;
			};
			name = Debug;
		};
		3AA041C62CD7E73F006B734E /* Release */ = {
			isa = XCBuildConfiguration;
			buildSettings = {
				ASSETCATALOG_COMPILER_APPICON_NAME = AppIcon;
				ASSETCATALOG_COMPILER_GLOBAL_ACCENT_COLOR_NAME = AccentColor;
				CODE_SIGN_ENTITLEMENTS = TaskSync/TaskSync.entitlements;
				CODE_SIGN_STYLE = Automatic;
				CURRENT_PROJECT_VERSION = 1;
				DEVELOPMENT_ASSET_PATHS = "\"TaskSync/Preview Content\"";
				DEVELOPMENT_TEAM = WM7RG95JZ8;
				ENABLE_HARDENED_RUNTIME = YES;
				ENABLE_PREVIEWS = YES;
				GENERATE_INFOPLIST_FILE = YES;
				INFOPLIST_FILE = TaskSync/Info.plist;
				"INFOPLIST_KEY_UIApplicationSceneManifest_Generation[sdk=iphoneos*]" = YES;
				"INFOPLIST_KEY_UIApplicationSceneManifest_Generation[sdk=iphonesimulator*]" = YES;
				"INFOPLIST_KEY_UIApplicationSupportsIndirectInputEvents[sdk=iphoneos*]" = YES;
				"INFOPLIST_KEY_UIApplicationSupportsIndirectInputEvents[sdk=iphonesimulator*]" = YES;
				"INFOPLIST_KEY_UILaunchScreen_Generation[sdk=iphoneos*]" = YES;
				"INFOPLIST_KEY_UILaunchScreen_Generation[sdk=iphonesimulator*]" = YES;
				"INFOPLIST_KEY_UIStatusBarStyle[sdk=iphoneos*]" = UIStatusBarStyleDefault;
				"INFOPLIST_KEY_UIStatusBarStyle[sdk=iphonesimulator*]" = UIStatusBarStyleDefault;
				INFOPLIST_KEY_UISupportedInterfaceOrientations = "UIInterfaceOrientationPortrait UIInterfaceOrientationPortraitUpsideDown";
				INFOPLIST_KEY_UISupportedInterfaceOrientations_iPad = "UIInterfaceOrientationLandscapeLeft UIInterfaceOrientationLandscapeRight UIInterfaceOrientationPortrait UIInterfaceOrientationPortraitUpsideDown";
				IPHONEOS_DEPLOYMENT_TARGET = 18.0;
				LD_RUNPATH_SEARCH_PATHS = "@executable_path/Frameworks";
				"LD_RUNPATH_SEARCH_PATHS[sdk=macosx*]" = "@executable_path/../Frameworks";
				MACOSX_DEPLOYMENT_TARGET = 14.6;
				MARKETING_VERSION = 1.0;
				PRODUCT_BUNDLE_IDENTIFIER = org.studio4design.TaskSync;
				PRODUCT_NAME = "$(TARGET_NAME)";
				SDKROOT = auto;
				SUPPORTED_PLATFORMS = "iphoneos iphonesimulator";
				SUPPORTS_MACCATALYST = NO;
				SUPPORTS_MAC_DESIGNED_FOR_IPHONE_IPAD = NO;
				SWIFT_EMIT_LOC_STRINGS = YES;
				SWIFT_VERSION = 5.0;
				TARGETED_DEVICE_FAMILY = 1;
				XROS_DEPLOYMENT_TARGET = 1.3;
			};
			name = Release;
		};
		3AA041C72CD7E73F006B734E /* Debug */ = {
			isa = XCBuildConfiguration;
			buildSettings = {
				ALWAYS_SEARCH_USER_PATHS = NO;
				ASSETCATALOG_COMPILER_GENERATE_SWIFT_ASSET_SYMBOL_EXTENSIONS = YES;
				CLANG_ANALYZER_NONNULL = YES;
				CLANG_ANALYZER_NUMBER_OBJECT_CONVERSION = YES_AGGRESSIVE;
				CLANG_CXX_LANGUAGE_STANDARD = "gnu++20";
				CLANG_ENABLE_MODULES = YES;
				CLANG_ENABLE_OBJC_ARC = YES;
				CLANG_ENABLE_OBJC_WEAK = YES;
				CLANG_WARN_BLOCK_CAPTURE_AUTORELEASING = YES;
				CLANG_WARN_BOOL_CONVERSION = YES;
				CLANG_WARN_COMMA = YES;
				CLANG_WARN_CONSTANT_CONVERSION = YES;
				CLANG_WARN_DEPRECATED_OBJC_IMPLEMENTATIONS = YES;
				CLANG_WARN_DIRECT_OBJC_ISA_USAGE = YES_ERROR;
				CLANG_WARN_DOCUMENTATION_COMMENTS = YES;
				CLANG_WARN_EMPTY_BODY = YES;
				CLANG_WARN_ENUM_CONVERSION = YES;
				CLANG_WARN_INFINITE_RECURSION = YES;
				CLANG_WARN_INT_CONVERSION = YES;
				CLANG_WARN_NON_LITERAL_NULL_CONVERSION = YES;
				CLANG_WARN_OBJC_IMPLICIT_RETAIN_SELF = YES;
				CLANG_WARN_OBJC_LITERAL_CONVERSION = YES;
				CLANG_WARN_OBJC_ROOT_CLASS = YES_ERROR;
				CLANG_WARN_QUOTED_INCLUDE_IN_FRAMEWORK_HEADER = YES;
				CLANG_WARN_RANGE_LOOP_ANALYSIS = YES;
				CLANG_WARN_STRICT_PROTOTYPES = YES;
				CLANG_WARN_SUSPICIOUS_MOVE = YES;
				CLANG_WARN_UNGUARDED_AVAILABILITY = YES_AGGRESSIVE;
				CLANG_WARN_UNREACHABLE_CODE = YES;
				CLANG_WARN__DUPLICATE_METHOD_MATCH = YES;
				COPY_PHASE_STRIP = NO;
				DEBUG_INFORMATION_FORMAT = dwarf;
				ENABLE_STRICT_OBJC_MSGSEND = YES;
				ENABLE_TESTABILITY = YES;
				ENABLE_USER_SCRIPT_SANDBOXING = YES;
				GCC_C_LANGUAGE_STANDARD = gnu17;
				GCC_DYNAMIC_NO_PIC = NO;
				GCC_NO_COMMON_BLOCKS = YES;
				GCC_OPTIMIZATION_LEVEL = 0;
				GCC_PREPROCESSOR_DEFINITIONS = (
					"DEBUG=1",
					"$(inherited)",
				);
				GCC_WARN_64_TO_32_BIT_CONVERSION = YES;
				GCC_WARN_ABOUT_RETURN_TYPE = YES_ERROR;
				GCC_WARN_UNDECLARED_SELECTOR = YES;
				GCC_WARN_UNINITIALIZED_AUTOS = YES_AGGRESSIVE;
				GCC_WARN_UNUSED_FUNCTION = YES;
				GCC_WARN_UNUSED_VARIABLE = YES;
				LOCALIZATION_PREFERS_STRING_CATALOGS = YES;
				MTL_ENABLE_DEBUG_INFO = INCLUDE_SOURCE;
				MTL_FAST_MATH = YES;
				ONLY_ACTIVE_ARCH = YES;
				SWIFT_ACTIVE_COMPILATION_CONDITIONS = "DEBUG $(inherited)";
				SWIFT_OPTIMIZATION_LEVEL = "-Onone";
			};
			name = Debug;
		};
		3AA041C82CD7E73F006B734E /* Release */ = {
			isa = XCBuildConfiguration;
			buildSettings = {
				ALWAYS_SEARCH_USER_PATHS = NO;
				ASSETCATALOG_COMPILER_GENERATE_SWIFT_ASSET_SYMBOL_EXTENSIONS = YES;
				CLANG_ANALYZER_NONNULL = YES;
				CLANG_ANALYZER_NUMBER_OBJECT_CONVERSION = YES_AGGRESSIVE;
				CLANG_CXX_LANGUAGE_STANDARD = "gnu++20";
				CLANG_ENABLE_MODULES = YES;
				CLANG_ENABLE_OBJC_ARC = YES;
				CLANG_ENABLE_OBJC_WEAK = YES;
				CLANG_WARN_BLOCK_CAPTURE_AUTORELEASING = YES;
				CLANG_WARN_BOOL_CONVERSION = YES;
				CLANG_WARN_COMMA = YES;
				CLANG_WARN_CONSTANT_CONVERSION = YES;
				CLANG_WARN_DEPRECATED_OBJC_IMPLEMENTATIONS = YES;
				CLANG_WARN_DIRECT_OBJC_ISA_USAGE = YES_ERROR;
				CLANG_WARN_DOCUMENTATION_COMMENTS = YES;
				CLANG_WARN_EMPTY_BODY = YES;
				CLANG_WARN_ENUM_CONVERSION = YES;
				CLANG_WARN_INFINITE_RECURSION = YES;
				CLANG_WARN_INT_CONVERSION = YES;
				CLANG_WARN_NON_LITERAL_NULL_CONVERSION = YES;
				CLANG_WARN_OBJC_IMPLICIT_RETAIN_SELF = YES;
				CLANG_WARN_OBJC_LITERAL_CONVERSION = YES;
				CLANG_WARN_OBJC_ROOT_CLASS = YES_ERROR;
				CLANG_WARN_QUOTED_INCLUDE_IN_FRAMEWORK_HEADER = YES;
				CLANG_WARN_RANGE_LOOP_ANALYSIS = YES;
				CLANG_WARN_STRICT_PROTOTYPES = YES;
				CLANG_WARN_SUSPICIOUS_MOVE = YES;
				CLANG_WARN_UNGUARDED_AVAILABILITY = YES_AGGRESSIVE;
				CLANG_WARN_UNREACHABLE_CODE = YES;
				CLANG_WARN__DUPLICATE_METHOD_MATCH = YES;
				COPY_PHASE_STRIP = NO;
				DEBUG_INFORMATION_FORMAT = "dwarf-with-dsym";
				ENABLE_NS_ASSERTIONS = NO;
				ENABLE_STRICT_OBJC_MSGSEND = YES;
				ENABLE_USER_SCRIPT_SANDBOXING = YES;
				GCC_C_LANGUAGE_STANDARD = gnu17;
				GCC_NO_COMMON_BLOCKS = YES;
				GCC_WARN_64_TO_32_BIT_CONVERSION = YES;
				GCC_WARN_ABOUT_RETURN_TYPE = YES_ERROR;
				GCC_WARN_UNDECLARED_SELECTOR = YES;
				GCC_WARN_UNINITIALIZED_AUTOS = YES_AGGRESSIVE;
				GCC_WARN_UNUSED_FUNCTION = YES;
				GCC_WARN_UNUSED_VARIABLE = YES;
				LOCALIZATION_PREFERS_STRING_CATALOGS = YES;
				MTL_ENABLE_DEBUG_INFO = NO;
				MTL_FAST_MATH = YES;
				SWIFT_COMPILATION_MODE = wholemodule;
			};
			name = Release;
		};
/* End XCBuildConfiguration section */

/* Begin XCConfigurationList section */
		3AA041AB2CD7E73C006B734E /* Build configuration list for PBXProject "TaskSync" */ = {
			isa = XCConfigurationList;
			buildConfigurations = (
				3AA041C72CD7E73F006B734E /* Debug */,
				3AA041C82CD7E73F006B734E /* Release */,
			);
			defaultConfigurationIsVisible = 0;
			defaultConfigurationName = Release;
		};
		3AA041C42CD7E73F006B734E /* Build configuration list for PBXNativeTarget "TaskSync" */ = {
			isa = XCConfigurationList;
			buildConfigurations = (
				3AA041C52CD7E73F006B734E /* Debug */,
				3AA041C62CD7E73F006B734E /* Release */,
			);
			defaultConfigurationIsVisible = 0;
			defaultConfigurationName = Release;
		};
/* End XCConfigurationList section */

/* Begin XCVersionGroup section */
		3AED6ACC2D7CFD0C00140414 /* TaskSync.xcdatamodeld */ = {
			isa = XCVersionGroup;
			children = (
				3AED6ACF2D7CFD0C00140414 /* TaskSync.xcdatamodel */,
			);
			currentVersion = 3AED6ACF2D7CFD0C00140414 /* TaskSync.xcdatamodel */;
			path = TaskSync.xcdatamodeld;
			sourceTree = "<group>";
			versionGroupType = wrapper.xcdatamodel;
		};
/* End XCVersionGroup section */
	};
	rootObject = 3AA041A82CD7E73C006B734E /* Project object */;
}
